
Microsoft Visual Studio Solution File, Format Version 12.00
# Visual Studio Version 16
VisualStudioVersion = 16.0.30711.63
MinimumVisualStudioVersion = 10.0.40219.1
Project("{9A19103F-16F7-4668-BE54-9A1E7A4F7556}") = "PixelVampire", "src\PixelVampire\PixelVampire.csproj", "{2BC9449B-BA19-4291-A887-0FDE887B9E9B}"
EndProject
Project("{2150E333-8FDC-42A3-9474-1A3956D46DE8}") = "Solution Items", "Solution Items", "{1A2840EF-83D2-476B-951B-F790873F471D}"
	ProjectSection(SolutionItems) = preProject
		.gitignore = .gitignore
		LICENSE = LICENSE
		README.md = README.md
	EndProjectSection
EndProject
Project("{9A19103F-16F7-4668-BE54-9A1E7A4F7556}") = "PixelVampire.Notifications", "src\PixelVampire.Notifications\PixelVampire.Notifications.csproj", "{D302DF0F-6FD5-4F4E-B81A-643F45A78DF5}"
EndProject
Project("{9A19103F-16F7-4668-BE54-9A1E7A4F7556}") = "PixelVampire.Shared", "src\PixelVampire.Shared\PixelVampire.Shared.csproj", "{8CDC9A27-6249-4EBC-9023-2CF79053F601}"
EndProject
Project("{FAE04EC0-301F-11D3-BF4B-00C04F79EFBC}") = "PixelVampire.Imaging", "src\PixelVampire.Imaging\PixelVampire.Imaging.csproj", "{9EE1387B-9CC2-44C9-82AB-2DAD45E38560}"
EndProject
Global
	GlobalSection(SolutionConfigurationPlatforms) = preSolution
		Debug|Any CPU = Debug|Any CPU
		Release|Any CPU = Release|Any CPU
	EndGlobalSection
	GlobalSection(ProjectConfigurationPlatforms) = postSolution
		{2BC9449B-BA19-4291-A887-0FDE887B9E9B}.Debug|Any CPU.ActiveCfg = Debug|Any CPU
		{2BC9449B-BA19-4291-A887-0FDE887B9E9B}.Debug|Any CPU.Build.0 = Debug|Any CPU
		{2BC9449B-BA19-4291-A887-0FDE887B9E9B}.Release|Any CPU.ActiveCfg = Release|Any CPU
		{2BC9449B-BA19-4291-A887-0FDE887B9E9B}.Release|Any CPU.Build.0 = Release|Any CPU
		{D302DF0F-6FD5-4F4E-B81A-643F45A78DF5}.Debug|Any CPU.ActiveCfg = Debug|Any CPU
		{D302DF0F-6FD5-4F4E-B81A-643F45A78DF5}.Debug|Any CPU.Build.0 = Debug|Any CPU
		{D302DF0F-6FD5-4F4E-B81A-643F45A78DF5}.Release|Any CPU.ActiveCfg = Release|Any CPU
		{D302DF0F-6FD5-4F4E-B81A-643F45A78DF5}.Release|Any CPU.Build.0 = Release|Any CPU
		{8CDC9A27-6249-4EBC-9023-2CF79053F601}.Debug|Any CPU.ActiveCfg = Debug|Any CPU
		{8CDC9A27-6249-4EBC-9023-2CF79053F601}.Debug|Any CPU.Build.0 = Debug|Any CPU
		{8CDC9A27-6249-4EBC-9023-2CF79053F601}.Release|Any CPU.ActiveCfg = Release|Any CPU
		{8CDC9A27-6249-4EBC-9023-2CF79053F601}.Release|Any CPU.Build.0 = Release|Any CPU
		{9EE1387B-9CC2-44C9-82AB-2DAD45E38560}.Debug|Any CPU.ActiveCfg = Debug|Any CPU
		{9EE1387B-9CC2-44C9-82AB-2DAD45E38560}.Debug|Any CPU.Build.0 = Debug|Any CPU
		{9EE1387B-9CC2-44C9-82AB-2DAD45E38560}.Release|Any CPU.ActiveCfg = Release|Any CPU
		{9EE1387B-9CC2-44C9-82AB-2DAD45E38560}.Release|Any CPU.Build.0 = Release|Any CPU
	EndGlobalSection
	GlobalSection(SolutionProperties) = preSolution
		HideSolutionNode = FALSE
	EndGlobalSection
	GlobalSection(ExtensibilityGlobals) = postSolution
		SolutionGuid = {2777B242-AAD8-45B5-8F87-71E3B7EB938F}
	EndGlobalSection
EndGlobal
