
Microsoft Visual Studio Solution File, Format Version 12.00
# Visual Studio Version 16
VisualStudioVersion = 16.0.30711.63
MinimumVisualStudioVersion = 10.0.40219.1
Project("{9A19103F-16F7-4668-BE54-9A1E7A4F7556}") = "PixelVampire.WPF", "src\PixelVampire.WPF\PixelVampire.WPF.csproj", "{2BC9449B-BA19-4291-A887-0FDE887B9E9B}"
EndProject
Project("{2150E333-8FDC-42A3-9474-1A3956D46DE8}") = "Solution Items", "Solution Items", "{1A2840EF-83D2-476B-951B-F790873F471D}"
	ProjectSection(SolutionItems) = preProject
		.gitignore = .gitignore
		LICENSE = LICENSE
		README.md = README.md
	EndProjectSection
EndProject
Project("{9A19103F-16F7-4668-BE54-9A1E7A4F7556}") = "PixelVampire.Notifications.WPF", "src\PixelVampire.Notifications.WPF\PixelVampire.Notifications.WPF.csproj", "{D302DF0F-6FD5-4F4E-B81A-643F45A78DF5}"
EndProject
Project("{9A19103F-16F7-4668-BE54-9A1E7A4F7556}") = "PixelVampire.Controls.WPF", "src\PixelVampire.Controls.WPF\PixelVampire.Controls.WPF.csproj", "{8CDC9A27-6249-4EBC-9023-2CF79053F601}"
EndProject
Project("{9A19103F-16F7-4668-BE54-9A1E7A4F7556}") = "PixelVampire.Imaging.WPF", "src\PixelVampire.Imaging.WPF\PixelVampire.Imaging.WPF.csproj", "{9EE1387B-9CC2-44C9-82AB-2DAD45E38560}"
EndProject
Project("{9A19103F-16F7-4668-BE54-9A1E7A4F7556}") = "PixelVampire.Notifications.Tests", "tests\PixelVampire.Notifications.Tests\PixelVampire.Notifications.Tests.csproj", "{6D9A1812-694E-48C9-B2BA-25E9E685D18C}"
EndProject
Project("{2150E333-8FDC-42A3-9474-1A3956D46DE8}") = "src", "src", "{2159E68E-7393-4B3B-9801-D9B51FCB3A8E}"
EndProject
Project("{2150E333-8FDC-42A3-9474-1A3956D46DE8}") = "tests", "tests", "{D9F4BE04-46FB-4F23-893C-45C6D3A2AA59}"
EndProject
Project("{9A19103F-16F7-4668-BE54-9A1E7A4F7556}") = "PixelVampire.Notifications", "src\PixelVampire.Notifications\PixelVampire.Notifications.csproj", "{973BF908-7666-46A9-A580-BF4A806CA84D}"
EndProject
Project("{9A19103F-16F7-4668-BE54-9A1E7A4F7556}") = "PixelVampire", "src\PixelVampire\PixelVampire.csproj", "{F2BFF1B5-C4FB-4215-9E1F-2D9CC54028AF}"
EndProject
Project("{2150E333-8FDC-42A3-9474-1A3956D46DE8}") = "WPF", "WPF", "{5D78D658-9290-46CF-87D9-D2B8FE21CCF6}"
EndProject
Project("{9A19103F-16F7-4668-BE54-9A1E7A4F7556}") = "PixelVampire.Imaging", "src\PixelVampire.Imaging\PixelVampire.Imaging.csproj", "{BDC4076B-8F0B-4292-860F-648526BCF224}"
EndProject
Project("{FAE04EC0-301F-11D3-BF4B-00C04F79EFBC}") = "PixelVampire.Imaging.Tests", "tests\PixelVampire.Imaging.Tests\PixelVampire.Imaging.Tests.csproj", "{35B9A675-6EEB-45EC-BC51-5995E96D1D35}"
EndProject
Global
	GlobalSection(SolutionConfigurationPlatforms) = preSolution
		Debug|Any CPU = Debug|Any CPU
		Release|Any CPU = Release|Any CPU
	EndGlobalSection
	GlobalSection(ProjectConfigurationPlatforms) = postSolution
		{2BC9449B-BA19-4291-A887-0FDE887B9E9B}.Debug|Any CPU.ActiveCfg = Debug|Any CPU
		{2BC9449B-BA19-4291-A887-0FDE887B9E9B}.Debug|Any CPU.Build.0 = Debug|Any CPU
		{2BC9449B-BA19-4291-A887-0FDE887B9E9B}.Release|Any CPU.ActiveCfg = Release|Any CPU
		{2BC9449B-BA19-4291-A887-0FDE887B9E9B}.Release|Any CPU.Build.0 = Release|Any CPU
		{D302DF0F-6FD5-4F4E-B81A-643F45A78DF5}.Debug|Any CPU.ActiveCfg = Debug|Any CPU
		{D302DF0F-6FD5-4F4E-B81A-643F45A78DF5}.Debug|Any CPU.Build.0 = Debug|Any CPU
		{D302DF0F-6FD5-4F4E-B81A-643F45A78DF5}.Release|Any CPU.ActiveCfg = Release|Any CPU
		{D302DF0F-6FD5-4F4E-B81A-643F45A78DF5}.Release|Any CPU.Build.0 = Release|Any CPU
		{8CDC9A27-6249-4EBC-9023-2CF79053F601}.Debug|Any CPU.ActiveCfg = Debug|Any CPU
		{8CDC9A27-6249-4EBC-9023-2CF79053F601}.Debug|Any CPU.Build.0 = Debug|Any CPU
		{8CDC9A27-6249-4EBC-9023-2CF79053F601}.Release|Any CPU.ActiveCfg = Release|Any CPU
		{8CDC9A27-6249-4EBC-9023-2CF79053F601}.Release|Any CPU.Build.0 = Release|Any CPU
		{9EE1387B-9CC2-44C9-82AB-2DAD45E38560}.Debug|Any CPU.ActiveCfg = Debug|Any CPU
		{9EE1387B-9CC2-44C9-82AB-2DAD45E38560}.Debug|Any CPU.Build.0 = Debug|Any CPU
		{9EE1387B-9CC2-44C9-82AB-2DAD45E38560}.Release|Any CPU.ActiveCfg = Release|Any CPU
		{9EE1387B-9CC2-44C9-82AB-2DAD45E38560}.Release|Any CPU.Build.0 = Release|Any CPU
		{6D9A1812-694E-48C9-B2BA-25E9E685D18C}.Debug|Any CPU.ActiveCfg = Debug|Any CPU
		{6D9A1812-694E-48C9-B2BA-25E9E685D18C}.Debug|Any CPU.Build.0 = Debug|Any CPU
		{6D9A1812-694E-48C9-B2BA-25E9E685D18C}.Release|Any CPU.ActiveCfg = Release|Any CPU
		{6D9A1812-694E-48C9-B2BA-25E9E685D18C}.Release|Any CPU.Build.0 = Release|Any CPU
		{973BF908-7666-46A9-A580-BF4A806CA84D}.Debug|Any CPU.ActiveCfg = Debug|Any CPU
		{973BF908-7666-46A9-A580-BF4A806CA84D}.Debug|Any CPU.Build.0 = Debug|Any CPU
		{973BF908-7666-46A9-A580-BF4A806CA84D}.Release|Any CPU.ActiveCfg = Release|Any CPU
		{973BF908-7666-46A9-A580-BF4A806CA84D}.Release|Any CPU.Build.0 = Release|Any CPU
		{F2BFF1B5-C4FB-4215-9E1F-2D9CC54028AF}.Debug|Any CPU.ActiveCfg = Debug|Any CPU
		{F2BFF1B5-C4FB-4215-9E1F-2D9CC54028AF}.Debug|Any CPU.Build.0 = Debug|Any CPU
		{F2BFF1B5-C4FB-4215-9E1F-2D9CC54028AF}.Release|Any CPU.ActiveCfg = Release|Any CPU
		{F2BFF1B5-C4FB-4215-9E1F-2D9CC54028AF}.Release|Any CPU.Build.0 = Release|Any CPU
		{BDC4076B-8F0B-4292-860F-648526BCF224}.Debug|Any CPU.ActiveCfg = Debug|Any CPU
		{BDC4076B-8F0B-4292-860F-648526BCF224}.Debug|Any CPU.Build.0 = Debug|Any CPU
		{BDC4076B-8F0B-4292-860F-648526BCF224}.Release|Any CPU.ActiveCfg = Release|Any CPU
		{BDC4076B-8F0B-4292-860F-648526BCF224}.Release|Any CPU.Build.0 = Release|Any CPU
		{35B9A675-6EEB-45EC-BC51-5995E96D1D35}.Debug|Any CPU.ActiveCfg = Debug|Any CPU
		{35B9A675-6EEB-45EC-BC51-5995E96D1D35}.Debug|Any CPU.Build.0 = Debug|Any CPU
		{35B9A675-6EEB-45EC-BC51-5995E96D1D35}.Release|Any CPU.ActiveCfg = Release|Any CPU
		{35B9A675-6EEB-45EC-BC51-5995E96D1D35}.Release|Any CPU.Build.0 = Release|Any CPU
	EndGlobalSection
	GlobalSection(SolutionProperties) = preSolution
		HideSolutionNode = FALSE
	EndGlobalSection
	GlobalSection(NestedProjects) = preSolution
		{2BC9449B-BA19-4291-A887-0FDE887B9E9B} = {5D78D658-9290-46CF-87D9-D2B8FE21CCF6}
		{D302DF0F-6FD5-4F4E-B81A-643F45A78DF5} = {5D78D658-9290-46CF-87D9-D2B8FE21CCF6}
		{8CDC9A27-6249-4EBC-9023-2CF79053F601} = {5D78D658-9290-46CF-87D9-D2B8FE21CCF6}
		{9EE1387B-9CC2-44C9-82AB-2DAD45E38560} = {5D78D658-9290-46CF-87D9-D2B8FE21CCF6}
		{6D9A1812-694E-48C9-B2BA-25E9E685D18C} = {D9F4BE04-46FB-4F23-893C-45C6D3A2AA59}
		{973BF908-7666-46A9-A580-BF4A806CA84D} = {2159E68E-7393-4B3B-9801-D9B51FCB3A8E}
		{F2BFF1B5-C4FB-4215-9E1F-2D9CC54028AF} = {2159E68E-7393-4B3B-9801-D9B51FCB3A8E}
		{5D78D658-9290-46CF-87D9-D2B8FE21CCF6} = {2159E68E-7393-4B3B-9801-D9B51FCB3A8E}
		{BDC4076B-8F0B-4292-860F-648526BCF224} = {2159E68E-7393-4B3B-9801-D9B51FCB3A8E}
		{35B9A675-6EEB-45EC-BC51-5995E96D1D35} = {D9F4BE04-46FB-4F23-893C-45C6D3A2AA59}
	EndGlobalSection
	GlobalSection(ExtensibilityGlobals) = postSolution
		SolutionGuid = {2777B242-AAD8-45B5-8F87-71E3B7EB938F}
	EndGlobalSection
EndGlobal
